name: Generate frontend lockfile

on:
  pull_request:
    paths:
      - frontend/package.json
      - .github/workflows/generate-frontend-lock.yml

jobs:
  generate-lockfile:
    runs-on: ubuntu-latest

    steps:
      - name: Check out pull request
        uses: actions/checkout@v4

      - name: Set up Node.js
        uses: actions/setup-node@v4
        with:
          node-version: "22"

      - name: Generate package lock from scratch
        working-directory: frontend
        run: |
          rm package-lock.json
          npm install --package-lock-only

      - name: Upload package lock
        uses: actions/upload-artifact@v4
        with:
          name: frontend-package-lock
          path: frontend/package-lock.json
          if-no-files-found: error
          retention-days: 1
